
Microsoft Visual Studio Solution File, Format Version 12.00
# Visual Studio Version 17
VisualStudioVersion = 17.0.32014.148
MinimumVisualStudioVersion = 10.0.40219.1
Project("{9A19103F-16F7-4668-BE54-9A1E7A4F7556}") = "LuminaireConfigurator6.Server", "LuminaireConfigurator6\Server\LuminaireConfigurator6.Server.csproj", "{FA331E1F-50D0-44E9-8763-459E3B875C91}"
EndProject
Project("{9A19103F-16F7-4668-BE54-9A1E7A4F7556}") = "LuminaireConfigurator6.Client", "LuminaireConfigurator6\Client\LuminaireConfigurator6.Client.csproj", "{566C2EA3-8374-43B8-8294-8826A07B9842}"
EndProject
Project("{9A19103F-16F7-4668-BE54-9A1E7A4F7556}") = "LuminaireConfigurator6.Shared", "LuminaireConfigurator6\Shared\LuminaireConfigurator6.Shared.csproj", "{42476127-5CC7-4DB2-BCFF-1E82412CEA8C}"
EndProject
Global
	GlobalSection(SolutionConfigurationPlatforms) = preSolution
		Debug|Any CPU = Debug|Any CPU
		Release|Any CPU = Release|Any CPU
	EndGlobalSection
	GlobalSection(ProjectConfigurationPlatforms) = postSolution
		{FA331E1F-50D0-44E9-8763-459E3B875C91}.Debug|Any CPU.ActiveCfg = Debug|Any CPU
		{FA331E1F-50D0-44E9-8763-459E3B875C91}.Debug|Any CPU.Build.0 = Debug|Any CPU
		{FA331E1F-50D0-44E9-8763-459E3B875C91}.Release|Any CPU.ActiveCfg = Release|Any CPU
		{FA331E1F-50D0-44E9-8763-459E3B875C91}.Release|Any CPU.Build.0 = Release|Any CPU
		{566C2EA3-8374-43B8-8294-8826A07B9842}.Debug|Any CPU.ActiveCfg = Debug|Any CPU
		{566C2EA3-8374-43B8-8294-8826A07B9842}.Debug|Any CPU.Build.0 = Debug|Any CPU
		{566C2EA3-8374-43B8-8294-8826A07B9842}.Release|Any CPU.ActiveCfg = Release|Any CPU
		{566C2EA3-8374-43B8-8294-8826A07B9842}.Release|Any CPU.Build.0 = Release|Any CPU
		{42476127-5CC7-4DB2-BCFF-1E82412CEA8C}.Debug|Any CPU.ActiveCfg = Debug|Any CPU
		{42476127-5CC7-4DB2-BCFF-1E82412CEA8C}.Debug|Any CPU.Build.0 = Debug|Any CPU
		{42476127-5CC7-4DB2-BCFF-1E82412CEA8C}.Release|Any CPU.ActiveCfg = Release|Any CPU
		{42476127-5CC7-4DB2-BCFF-1E82412CEA8C}.Release|Any CPU.Build.0 = Release|Any CPU
	EndGlobalSection
	GlobalSection(SolutionProperties) = preSolution
		HideSolutionNode = FALSE
	EndGlobalSection
	GlobalSection(ExtensibilityGlobals) = postSolution
		SolutionGuid = {23A2BED4-3362-4C59-9BAF-6792B3C60D38}
	EndGlobalSection
EndGlobal
